
Microsoft Visual Studio Solution File, Format Version 12.00
# Visual Studio 15
VisualStudioVersion = 15.0.27703.2026
MinimumVisualStudioVersion = 10.0.40219.1
Project("{9A19103F-16F7-4668-BE54-9A1E7A4F7556}") = "PdfSharp", "PdfSharp.Core\PdfSharp.csproj", "{7530962F-2D27-4161-B57D-545B4493F5B8}"
EndProject
Project("{9A19103F-16F7-4668-BE54-9A1E7A4F7556}") = "PdfSharp.Test", "PdfSharp.Test\PdfSharp.Test.csproj", "{144A3536-4DE5-4E68-BE66-0FC2DE4BD248}"
EndProject
Global
	GlobalSection(SolutionConfigurationPlatforms) = preSolution
		Debug|Any CPU = Debug|Any CPU
		Release|Any CPU = Release|Any CPU
	EndGlobalSection
	GlobalSection(ProjectConfigurationPlatforms) = postSolution
		{7530962F-2D27-4161-B57D-545B4493F5B8}.Debug|Any CPU.ActiveCfg = Debug|Any CPU
		{7530962F-2D27-4161-B57D-545B4493F5B8}.Debug|Any CPU.Build.0 = Debug|Any CPU
		{7530962F-2D27-4161-B57D-545B4493F5B8}.Release|Any CPU.ActiveCfg = Release|Any CPU
		{7530962F-2D27-4161-B57D-545B4493F5B8}.Release|Any CPU.Build.0 = Release|Any CPU
		{144A3536-4DE5-4E68-BE66-0FC2DE4BD248}.Debug|Any CPU.ActiveCfg = Debug|Any CPU
		{144A3536-4DE5-4E68-BE66-0FC2DE4BD248}.Debug|Any CPU.Build.0 = Debug|Any CPU
		{144A3536-4DE5-4E68-BE66-0FC2DE4BD248}.Release|Any CPU.ActiveCfg = Release|Any CPU
		{144A3536-4DE5-4E68-BE66-0FC2DE4BD248}.Release|Any CPU.Build.0 = Release|Any CPU
	EndGlobalSection
	GlobalSection(SolutionProperties) = preSolution
		HideSolutionNode = FALSE
	EndGlobalSection
	GlobalSection(ExtensibilityGlobals) = postSolution
		SolutionGuid = {D8ADE18B-4E4A-4982-BA86-A67BD8FF7C91}
	EndGlobalSection
EndGlobal
